
Microsoft Visual Studio Solution File, Format Version 12.00
# Visual Studio 2013
VisualStudioVersion = 12.0.0.0
MinimumVisualStudioVersion = 10.0.0.1
Project("{FAE04EC0-301F-11D3-BF4B-00C04F79EFBC}") = "DebugCrasher", "DebugCrasher/DebugCrasher.csproj", "{B0235998-8B04-4622-9D64-687261BC723A}"
EndProject
Project("{FAE04EC0-301F-11D3-BF4B-00C04F79EFBC}") = "Library1", "Library1\Library1.csproj", "{1D8D06C4-670B-404C-97EB-AC686410DFE4}"
EndProject
Project("{FAE04EC0-301F-11D3-BF4B-00C04F79EFBC}") = "Library2", "Library2\Library2.csproj", "{064ACA05-205B-48EF-A5ED-9CB36EAF4A94}"
EndProject
Global
	GlobalSection(SolutionConfigurationPlatforms) = preSolution
		Debug|Any CPU = Debug|Any CPU
		Release|Any CPU = Release|Any CPU
	EndGlobalSection
	GlobalSection(ProjectConfigurationPlatforms) = postSolution
		{B0235998-8B04-4622-9D64-687261BC723A}.Debug|Any CPU.ActiveCfg = Debug|Any CPU
		{B0235998-8B04-4622-9D64-687261BC723A}.Debug|Any CPU.Build.0 = Debug|Any CPU
		{B0235998-8B04-4622-9D64-687261BC723A}.Release|Any CPU.ActiveCfg = Release|Any CPU
		{B0235998-8B04-4622-9D64-687261BC723A}.Release|Any CPU.Build.0 = Release|Any CPU
		{1D8D06C4-670B-404C-97EB-AC686410DFE4}.Debug|Any CPU.ActiveCfg = Debug|Any CPU
		{1D8D06C4-670B-404C-97EB-AC686410DFE4}.Debug|Any CPU.Build.0 = Debug|Any CPU
		{1D8D06C4-670B-404C-97EB-AC686410DFE4}.Release|Any CPU.ActiveCfg = Release|Any CPU
		{1D8D06C4-670B-404C-97EB-AC686410DFE4}.Release|Any CPU.Build.0 = Release|Any CPU
		{064ACA05-205B-48EF-A5ED-9CB36EAF4A94}.Debug|Any CPU.ActiveCfg = Debug|Any CPU
		{064ACA05-205B-48EF-A5ED-9CB36EAF4A94}.Debug|Any CPU.Build.0 = Debug|Any CPU
		{064ACA05-205B-48EF-A5ED-9CB36EAF4A94}.Release|Any CPU.ActiveCfg = Release|Any CPU
		{064ACA05-205B-48EF-A5ED-9CB36EAF4A94}.Release|Any CPU.Build.0 = Release|Any CPU
	EndGlobalSection
	GlobalSection(SolutionProperties) = preSolution
		HideSolutionNode = FALSE
	EndGlobalSection
EndGlobal
